<?xml version="1.0" encoding="utf-8"?>
<Project ToolsVersion="4.0" xmlns="http://schemas.microsoft.com/developer/msbuild/2003">
  <ItemGroup>
    <Filter Include="Source Files">
      <UniqueIdentifier>{4FC737F1-C7A5-4376-A066-2A32D752A2FF}</UniqueIdentifier>
      <Extensions>cpp;c;cc;cxx;c++;cppm;ixx;def;odl;idl;hpj;bat;asm;asmx</Extensions>
    </Filter>
    <Filter Include="Header Files">
      <UniqueIdentifier>{93995380-89BD-4b04-88EB-625FBE52EBFB}</UniqueIdentifier>
      <Extensions>h;hh;hpp;hxx;h++;hm;inl;inc;ipp;xsd</Extensions>
    </Filter>
    <Filter Include="Resource Files">
      <UniqueIdentifier>{67DA6AB6-F800-4c08-8B7A-83BB121AAD01}</UniqueIdentifier>
      <Extensions>rc;ico;cur;bmp;dlg;rc2;rct;bin;rgs;gif;jpg;jpeg;jpe;resx;tiff;tif;png;wav;mfcribbon-ms</Extensions>
    </Filter>
  </ItemGroup>
  <ItemGroup>
    <ClInclude Include="framework.h">
      <Filter>Header Files</Filter>
    </ClInclude>
    <ClInclude Include="Graphics\kiero\minhook\include\MinHook.h">
      <Filter>Header Files</Filter>
    </ClInclude>
    <ClInclude Include="Graphics\kiero\minhook\src\hde\hde32.h">
      <Filter>Header Files</Filter>
    </ClInclude>
    <ClInclude Include="Graphics\kiero\minhook\src\hde\hde64.h">
      <Filter>Header Files</Filter>
    </ClInclude>
    <ClInclude Include="Graphics\kiero\minhook\src\hde\pstdint.h">
      <Filter>Header Files</Filter>
    </ClInclude>
    <ClInclude Include="Graphics\kiero\minhook\src\hde\table32.h">
      <Filter>Header Files</Filter>
    </ClInclude>
    <ClInclude Include="Graphics\kiero\minhook\src\hde\table64.h">
      <Filter>Header Files</Filter>
    </ClInclude>
    <ClInclude Include="Graphics\kiero\minhook\src\buffer.h">
      <Filter>Header Files</Filter>
    </ClInclude>
    <ClInclude Include="Graphics\kiero\minhook\src\trampoline.h">
      <Filter>Header Files</Filter>
    </ClInclude>
    <ClInclude Include="Graphics\kiero\kiero.h">
      <Filter>Header Files</Filter>
    </ClInclude>
    <ClInclude Include="application.h">
      <Filter>Header Files</Filter>
    </ClInclude>
    <ClInclude Include="Graphics\CGraphics.h">
      <Filter>Header Files</Filter>
    </ClInclude>
    <ClInclude Include="Graphics\PieMenu.h">
      <Filter>Header Files</Filter>
    </ClInclude>
    <ClInclude Include="Hooks\Hooks.h">
      <Filter>Header Files</Filter>
    </ClInclude>
    <ClInclude Include="Functions\Functions.h">
      <Filter>Header Files</Filter>
    </ClInclude>
    <ClInclude Include="Graphics\imgui\imconfig.h">
      <Filter>Header Files</Filter>
    </ClInclude>
    <ClInclude Include="Graphics\imgui\imgui.h">
      <Filter>Header Files</Filter>
    </ClInclude>
    <ClInclude Include="Graphics\imgui\imgui_internal.h">
      <Filter>Header Files</Filter>
    </ClInclude>
    <ClInclude Include="Graphics\imgui\imstb_rectpack.h">
      <Filter>Header Files</Filter>
    </ClInclude>
    <ClInclude Include="Graphics\imgui\imstb_textedit.h">
      <Filter>Header Files</Filter>
    </ClInclude>
    <ClInclude Include="Graphics\imgui\imstb_truetype.h">
      <Filter>Header Files</Filter>
    </ClInclude>
    <ClInclude Include="Graphics\imgui\imgui_impl_dx11.h">
      <Filter>Header Files</Filter>
    </ClInclude>
    <ClInclude Include="Graphics\imgui\imgui_impl_win32.h">
      <Filter>Header Files</Filter>
    </ClInclude>
    <ClInclude Include="Graphics\stb_image.h">
      <Filter>Header Files</Filter>
    </ClInclude>
    <ClInclude Include="Functions\IconLayout.h">
      <Filter>Header Files</Filter>
    </ClInclude>
    <ClInclude Include="Graphics\ImGuiTheme.h">
      <Filter>Header Files</Filter>
    </ClInclude>
  </ItemGroup>
  <ItemGroup>
    <ClCompile Include="dinput8.cpp">
      <Filter>Source Files</Filter>
    </ClCompile>
    <ClCompile Include="Graphics\kiero\minhook\src\hde\hde32.c">
      <Filter>Source Files</Filter>
    </ClCompile>
    <ClCompile Include="Graphics\kiero\minhook\src\hde\hde64.c">
      <Filter>Source Files</Filter>
    </ClCompile>
    <ClCompile Include="Graphics\kiero\minhook\src\buffer.c">
      <Filter>Source Files</Filter>
    </ClCompile>
    <ClCompile Include="Graphics\kiero\minhook\src\hook.c">
      <Filter>Source Files</Filter>
    </ClCompile>
    <ClCompile Include="Graphics\kiero\minhook\src\trampoline.c">
      <Filter>Source Files</Filter>
    </ClCompile>
    <ClCompile Include="Graphics\kiero\kiero.cpp">
      <Filter>Source Files</Filter>
    </ClCompile>
    <ClCompile Include="application.cpp">
      <Filter>Source Files</Filter>
    </ClCompile>
    <ClCompile Include="Graphics\CGraphics.cpp">
      <Filter>Source Files</Filter>
    </ClCompile>
    <ClCompile Include="Graphics\PieMenu.cpp">
      <Filter>Source Files</Filter>
    </ClCompile>
    <ClCompile Include="Hooks\Hooks.cpp">
      <Filter>Source Files</Filter>
    </ClCompile>
    <ClCompile Include="Functions\Functions.cpp">
      <Filter>Source Files</Filter>
    </ClCompile>
    <ClCompile Include="Graphics\imgui\imgui.cpp">
      <Filter>Source Files</Filter>
    </ClCompile>
    <ClCompile Include="Graphics\imgui\imgui_demo.cpp">
      <Filter>Source Files</Filter>
    </ClCompile>
    <ClCompile Include="Graphics\imgui\imgui_draw.cpp">
      <Filter>Source Files</Filter>
    </ClCompile>
    <ClCompile Include="Graphics\imgui\imgui_tables.cpp">
      <Filter>Source Files</Filter>
    </ClCompile>
    <ClCompile Include="Graphics\imgui\imgui_widgets.cpp">
      <Filter>Source Files</Filter>
    </ClCompile>
    <ClCompile Include="Graphics\imgui\imgui_impl_dx11.cpp">
      <Filter>Source Files</Filter>
    </ClCompile>
    <ClCompile Include="Graphics\imgui\imgui_impl_win32.cpp">
      <Filter>Source Files</Filter>
    </ClCompile>
  </ItemGroup>
  <ItemGroup>
    <None Include="dinput8.def">
      <Filter>Source Files</Filter>
    </None>
  </ItemGroup>
  <ItemGroup>
    <MASM Include="dinput8_asm.asm">
      <Filter>Source Files</Filter>
    </MASM>
  </ItemGroup>
  <ItemGroup>
    <Text Include="UpdateNotes.txt" />
  </ItemGroup>
</Project>